
Microsoft Visual Studio Solution File, Format Version 12.00
# Visual Studio Version 16
VisualStudioVersion = 16.0.28803.452
MinimumVisualStudioVersion = 15.0.26124.0
Project("{9A19103F-16F7-4668-BE54-9A1E7A4F7556}") = "esme.Server", "src\esme.Server\esme.Server.csproj", "{33818BF8-F9F7-4A1F-94C0-074A175C48E8}"
EndProject
Project("{9A19103F-16F7-4668-BE54-9A1E7A4F7556}") = "esme.Client", "src\esme.Client\esme.Client.csproj", "{72B2D241-F1C5-424E-B247-1E3316FA5423}"
EndProject
Project("{9A19103F-16F7-4668-BE54-9A1E7A4F7556}") = "esme.Shared", "src\esme.Shared\esme.Shared.csproj", "{00A132F1-75B0-4F6D-9FE7-5A4AE3E8E53F}"
EndProject
Project("{2150E333-8FDC-42A3-9474-1A3956D46DE8}") = "test", "test", "{920AF70A-39F7-4F9E-A336-DA64873FA2C9}"
EndProject
Project("{9A19103F-16F7-4668-BE54-9A1E7A4F7556}") = "esme.Core.Tests", "test\esme.Core.Tests\esme.Core.Tests.csproj", "{BFB4FD28-55E4-4AAC-BAD6-CD6C3B1D6D60}"
EndProject
Project("{2150E333-8FDC-42A3-9474-1A3956D46DE8}") = "src", "src", "{F53C43AE-D8E1-4442-BE50-B45607DAA673}"
EndProject
Project("{9A19103F-16F7-4668-BE54-9A1E7A4F7556}") = "esme.Infrastructure", "src\esme.Infrastructure\esme.Infrastructure.csproj", "{688A29D3-5CEB-43F3-86D4-D9BF25879D92}"
EndProject
Project("{2150E333-8FDC-42A3-9474-1A3956D46DE8}") = "Solution Items", "Solution Items", "{32A69C7F-CFD9-4C40-A512-52A4B3056790}"
	ProjectSection(SolutionItems) = preProject
		.gitignore = .gitignore
		global.json = global.json
	EndProjectSection
EndProject
Project("{9A19103F-16F7-4668-BE54-9A1E7A4F7556}") = "esme.Admin.App", "src\esme.Admin.App\esme.Admin.App.csproj", "{19BBD184-273F-48EF-AC56-8918E2B2F23E}"
EndProject
Project("{9A19103F-16F7-4668-BE54-9A1E7A4F7556}") = "esme.Admin.Server", "src\esme.Admin.Server\esme.Admin.Server.csproj", "{8532E82F-981B-4AB2-B2BC-12F985DC07BB}"
EndProject
Project("{9A19103F-16F7-4668-BE54-9A1E7A4F7556}") = "esme.Admin.Shared", "src\esme.Admin.Shared\esme.Admin.Shared.csproj", "{5729A859-62C3-422F-A566-8E6EFED475EB}"
EndProject
Project("{9A19103F-16F7-4668-BE54-9A1E7A4F7556}") = "esme.Admin.Infrastructure", "src\esme.Admin.Infrastructure\esme.Admin.Infrastructure.csproj", "{1A89085F-59C6-42B6-9FC9-A7E072852C0E}"
EndProject
Project("{FAE04EC0-301F-11D3-BF4B-00C04F79EFBC}") = "esme.Client.Tests", "test\esme.Client.Tests\esme.Client.Tests.csproj", "{6DE7D4CD-AB3B-4813-ADFC-52FF073ACD20}"
EndProject
Global
	GlobalSection(SolutionConfigurationPlatforms) = preSolution
		Debug|Any CPU = Debug|Any CPU
		Debug|x64 = Debug|x64
		Debug|x86 = Debug|x86
		Release|Any CPU = Release|Any CPU
		Release|x64 = Release|x64
		Release|x86 = Release|x86
	EndGlobalSection
	GlobalSection(ProjectConfigurationPlatforms) = postSolution
		{33818BF8-F9F7-4A1F-94C0-074A175C48E8}.Debug|Any CPU.ActiveCfg = Debug|Any CPU
		{33818BF8-F9F7-4A1F-94C0-074A175C48E8}.Debug|Any CPU.Build.0 = Debug|Any CPU
		{33818BF8-F9F7-4A1F-94C0-074A175C48E8}.Debug|x64.ActiveCfg = Debug|Any CPU
		{33818BF8-F9F7-4A1F-94C0-074A175C48E8}.Debug|x64.Build.0 = Debug|Any CPU
		{33818BF8-F9F7-4A1F-94C0-074A175C48E8}.Debug|x86.ActiveCfg = Debug|Any CPU
		{33818BF8-F9F7-4A1F-94C0-074A175C48E8}.Debug|x86.Build.0 = Debug|Any CPU
		{33818BF8-F9F7-4A1F-94C0-074A175C48E8}.Release|Any CPU.ActiveCfg = Release|Any CPU
		{33818BF8-F9F7-4A1F-94C0-074A175C48E8}.Release|Any CPU.Build.0 = Release|Any CPU
		{33818BF8-F9F7-4A1F-94C0-074A175C48E8}.Release|x64.ActiveCfg = Release|Any CPU
		{33818BF8-F9F7-4A1F-94C0-074A175C48E8}.Release|x64.Build.0 = Release|Any CPU
		{33818BF8-F9F7-4A1F-94C0-074A175C48E8}.Release|x86.ActiveCfg = Release|Any CPU
		{33818BF8-F9F7-4A1F-94C0-074A175C48E8}.Release|x86.Build.0 = Release|Any CPU
		{72B2D241-F1C5-424E-B247-1E3316FA5423}.Debug|Any CPU.ActiveCfg = Debug|Any CPU
		{72B2D241-F1C5-424E-B247-1E3316FA5423}.Debug|Any CPU.Build.0 = Debug|Any CPU
		{72B2D241-F1C5-424E-B247-1E3316FA5423}.Debug|x64.ActiveCfg = Debug|Any CPU
		{72B2D241-F1C5-424E-B247-1E3316FA5423}.Debug|x64.Build.0 = Debug|Any CPU
		{72B2D241-F1C5-424E-B247-1E3316FA5423}.Debug|x86.ActiveCfg = Debug|Any CPU
		{72B2D241-F1C5-424E-B247-1E3316FA5423}.Debug|x86.Build.0 = Debug|Any CPU
		{72B2D241-F1C5-424E-B247-1E3316FA5423}.Release|Any CPU.ActiveCfg = Release|Any CPU
		{72B2D241-F1C5-424E-B247-1E3316FA5423}.Release|Any CPU.Build.0 = Release|Any CPU
		{72B2D241-F1C5-424E-B247-1E3316FA5423}.Release|x64.ActiveCfg = Release|Any CPU
		{72B2D241-F1C5-424E-B247-1E3316FA5423}.Release|x64.Build.0 = Release|Any CPU
		{72B2D241-F1C5-424E-B247-1E3316FA5423}.Release|x86.ActiveCfg = Release|Any CPU
		{72B2D241-F1C5-424E-B247-1E3316FA5423}.Release|x86.Build.0 = Release|Any CPU
		{00A132F1-75B0-4F6D-9FE7-5A4AE3E8E53F}.Debug|Any CPU.ActiveCfg = Debug|Any CPU
		{00A132F1-75B0-4F6D-9FE7-5A4AE3E8E53F}.Debug|Any CPU.Build.0 = Debug|Any CPU
		{00A132F1-75B0-4F6D-9FE7-5A4AE3E8E53F}.Debug|x64.ActiveCfg = Debug|Any CPU
		{00A132F1-75B0-4F6D-9FE7-5A4AE3E8E53F}.Debug|x64.Build.0 = Debug|Any CPU
		{00A132F1-75B0-4F6D-9FE7-5A4AE3E8E53F}.Debug|x86.ActiveCfg = Debug|Any CPU
		{00A132F1-75B0-4F6D-9FE7-5A4AE3E8E53F}.Debug|x86.Build.0 = Debug|Any CPU
		{00A132F1-75B0-4F6D-9FE7-5A4AE3E8E53F}.Release|Any CPU.ActiveCfg = Release|Any CPU
		{00A132F1-75B0-4F6D-9FE7-5A4AE3E8E53F}.Release|Any CPU.Build.0 = Release|Any CPU
		{00A132F1-75B0-4F6D-9FE7-5A4AE3E8E53F}.Release|x64.ActiveCfg = Release|Any CPU
		{00A132F1-75B0-4F6D-9FE7-5A4AE3E8E53F}.Release|x64.Build.0 = Release|Any CPU
		{00A132F1-75B0-4F6D-9FE7-5A4AE3E8E53F}.Release|x86.ActiveCfg = Release|Any CPU
		{00A132F1-75B0-4F6D-9FE7-5A4AE3E8E53F}.Release|x86.Build.0 = Release|Any CPU
		{BFB4FD28-55E4-4AAC-BAD6-CD6C3B1D6D60}.Debug|Any CPU.ActiveCfg = Debug|Any CPU
		{BFB4FD28-55E4-4AAC-BAD6-CD6C3B1D6D60}.Debug|Any CPU.Build.0 = Debug|Any CPU
		{BFB4FD28-55E4-4AAC-BAD6-CD6C3B1D6D60}.Debug|x64.ActiveCfg = Debug|Any CPU
		{BFB4FD28-55E4-4AAC-BAD6-CD6C3B1D6D60}.Debug|x64.Build.0 = Debug|Any CPU
		{BFB4FD28-55E4-4AAC-BAD6-CD6C3B1D6D60}.Debug|x86.ActiveCfg = Debug|Any CPU
		{BFB4FD28-55E4-4AAC-BAD6-CD6C3B1D6D60}.Debug|x86.Build.0 = Debug|Any CPU
		{BFB4FD28-55E4-4AAC-BAD6-CD6C3B1D6D60}.Release|Any CPU.ActiveCfg = Release|Any CPU
		{BFB4FD28-55E4-4AAC-BAD6-CD6C3B1D6D60}.Release|Any CPU.Build.0 = Release|Any CPU
		{BFB4FD28-55E4-4AAC-BAD6-CD6C3B1D6D60}.Release|x64.ActiveCfg = Release|Any CPU
		{BFB4FD28-55E4-4AAC-BAD6-CD6C3B1D6D60}.Release|x64.Build.0 = Release|Any CPU
		{BFB4FD28-55E4-4AAC-BAD6-CD6C3B1D6D60}.Release|x86.ActiveCfg = Release|Any CPU
		{BFB4FD28-55E4-4AAC-BAD6-CD6C3B1D6D60}.Release|x86.Build.0 = Release|Any CPU
		{688A29D3-5CEB-43F3-86D4-D9BF25879D92}.Debug|Any CPU.ActiveCfg = Debug|Any CPU
		{688A29D3-5CEB-43F3-86D4-D9BF25879D92}.Debug|Any CPU.Build.0 = Debug|Any CPU
		{688A29D3-5CEB-43F3-86D4-D9BF25879D92}.Debug|x64.ActiveCfg = Debug|Any CPU
		{688A29D3-5CEB-43F3-86D4-D9BF25879D92}.Debug|x64.Build.0 = Debug|Any CPU
		{688A29D3-5CEB-43F3-86D4-D9BF25879D92}.Debug|x86.ActiveCfg = Debug|Any CPU
		{688A29D3-5CEB-43F3-86D4-D9BF25879D92}.Debug|x86.Build.0 = Debug|Any CPU
		{688A29D3-5CEB-43F3-86D4-D9BF25879D92}.Release|Any CPU.ActiveCfg = Release|Any CPU
		{688A29D3-5CEB-43F3-86D4-D9BF25879D92}.Release|Any CPU.Build.0 = Release|Any CPU
		{688A29D3-5CEB-43F3-86D4-D9BF25879D92}.Release|x64.ActiveCfg = Release|Any CPU
		{688A29D3-5CEB-43F3-86D4-D9BF25879D92}.Release|x64.Build.0 = Release|Any CPU
		{688A29D3-5CEB-43F3-86D4-D9BF25879D92}.Release|x86.ActiveCfg = Release|Any CPU
		{688A29D3-5CEB-43F3-86D4-D9BF25879D92}.Release|x86.Build.0 = Release|Any CPU
		{19BBD184-273F-48EF-AC56-8918E2B2F23E}.Debug|Any CPU.ActiveCfg = Debug|Any CPU
		{19BBD184-273F-48EF-AC56-8918E2B2F23E}.Debug|Any CPU.Build.0 = Debug|Any CPU
		{19BBD184-273F-48EF-AC56-8918E2B2F23E}.Debug|x64.ActiveCfg = Debug|Any CPU
		{19BBD184-273F-48EF-AC56-8918E2B2F23E}.Debug|x64.Build.0 = Debug|Any CPU
		{19BBD184-273F-48EF-AC56-8918E2B2F23E}.Debug|x86.ActiveCfg = Debug|Any CPU
		{19BBD184-273F-48EF-AC56-8918E2B2F23E}.Debug|x86.Build.0 = Debug|Any CPU
		{19BBD184-273F-48EF-AC56-8918E2B2F23E}.Release|Any CPU.ActiveCfg = Release|Any CPU
		{19BBD184-273F-48EF-AC56-8918E2B2F23E}.Release|Any CPU.Build.0 = Release|Any CPU
		{19BBD184-273F-48EF-AC56-8918E2B2F23E}.Release|x64.ActiveCfg = Release|Any CPU
		{19BBD184-273F-48EF-AC56-8918E2B2F23E}.Release|x64.Build.0 = Release|Any CPU
		{19BBD184-273F-48EF-AC56-8918E2B2F23E}.Release|x86.ActiveCfg = Release|Any CPU
		{19BBD184-273F-48EF-AC56-8918E2B2F23E}.Release|x86.Build.0 = Release|Any CPU
		{8532E82F-981B-4AB2-B2BC-12F985DC07BB}.Debug|Any CPU.ActiveCfg = Debug|Any CPU
		{8532E82F-981B-4AB2-B2BC-12F985DC07BB}.Debug|Any CPU.Build.0 = Debug|Any CPU
		{8532E82F-981B-4AB2-B2BC-12F985DC07BB}.Debug|x64.ActiveCfg = Debug|Any CPU
		{8532E82F-981B-4AB2-B2BC-12F985DC07BB}.Debug|x64.Build.0 = Debug|Any CPU
		{8532E82F-981B-4AB2-B2BC-12F985DC07BB}.Debug|x86.ActiveCfg = Debug|Any CPU
		{8532E82F-981B-4AB2-B2BC-12F985DC07BB}.Debug|x86.Build.0 = Debug|Any CPU
		{8532E82F-981B-4AB2-B2BC-12F985DC07BB}.Release|Any CPU.ActiveCfg = Release|Any CPU
		{8532E82F-981B-4AB2-B2BC-12F985DC07BB}.Release|Any CPU.Build.0 = Release|Any CPU
		{8532E82F-981B-4AB2-B2BC-12F985DC07BB}.Release|x64.ActiveCfg = Release|Any CPU
		{8532E82F-981B-4AB2-B2BC-12F985DC07BB}.Release|x64.Build.0 = Release|Any CPU
		{8532E82F-981B-4AB2-B2BC-12F985DC07BB}.Release|x86.ActiveCfg = Release|Any CPU
		{8532E82F-981B-4AB2-B2BC-12F985DC07BB}.Release|x86.Build.0 = Release|Any CPU
		{5729A859-62C3-422F-A566-8E6EFED475EB}.Debug|Any CPU.ActiveCfg = Debug|Any CPU
		{5729A859-62C3-422F-A566-8E6EFED475EB}.Debug|Any CPU.Build.0 = Debug|Any CPU
		{5729A859-62C3-422F-A566-8E6EFED475EB}.Debug|x64.ActiveCfg = Debug|Any CPU
		{5729A859-62C3-422F-A566-8E6EFED475EB}.Debug|x64.Build.0 = Debug|Any CPU
		{5729A859-62C3-422F-A566-8E6EFED475EB}.Debug|x86.ActiveCfg = Debug|Any CPU
		{5729A859-62C3-422F-A566-8E6EFED475EB}.Debug|x86.Build.0 = Debug|Any CPU
		{5729A859-62C3-422F-A566-8E6EFED475EB}.Release|Any CPU.ActiveCfg = Release|Any CPU
		{5729A859-62C3-422F-A566-8E6EFED475EB}.Release|Any CPU.Build.0 = Release|Any CPU
		{5729A859-62C3-422F-A566-8E6EFED475EB}.Release|x64.ActiveCfg = Release|Any CPU
		{5729A859-62C3-422F-A566-8E6EFED475EB}.Release|x64.Build.0 = Release|Any CPU
		{5729A859-62C3-422F-A566-8E6EFED475EB}.Release|x86.ActiveCfg = Release|Any CPU
		{5729A859-62C3-422F-A566-8E6EFED475EB}.Release|x86.Build.0 = Release|Any CPU
		{1A89085F-59C6-42B6-9FC9-A7E072852C0E}.Debug|Any CPU.ActiveCfg = Debug|Any CPU
		{1A89085F-59C6-42B6-9FC9-A7E072852C0E}.Debug|Any CPU.Build.0 = Debug|Any CPU
		{1A89085F-59C6-42B6-9FC9-A7E072852C0E}.Debug|x64.ActiveCfg = Debug|Any CPU
		{1A89085F-59C6-42B6-9FC9-A7E072852C0E}.Debug|x64.Build.0 = Debug|Any CPU
		{1A89085F-59C6-42B6-9FC9-A7E072852C0E}.Debug|x86.ActiveCfg = Debug|Any CPU
		{1A89085F-59C6-42B6-9FC9-A7E072852C0E}.Debug|x86.Build.0 = Debug|Any CPU
		{1A89085F-59C6-42B6-9FC9-A7E072852C0E}.Release|Any CPU.ActiveCfg = Release|Any CPU
		{1A89085F-59C6-42B6-9FC9-A7E072852C0E}.Release|Any CPU.Build.0 = Release|Any CPU
		{1A89085F-59C6-42B6-9FC9-A7E072852C0E}.Release|x64.ActiveCfg = Release|Any CPU
		{1A89085F-59C6-42B6-9FC9-A7E072852C0E}.Release|x64.Build.0 = Release|Any CPU
		{1A89085F-59C6-42B6-9FC9-A7E072852C0E}.Release|x86.ActiveCfg = Release|Any CPU
		{1A89085F-59C6-42B6-9FC9-A7E072852C0E}.Release|x86.Build.0 = Release|Any CPU
		{6DE7D4CD-AB3B-4813-ADFC-52FF073ACD20}.Debug|Any CPU.ActiveCfg = Debug|Any CPU
		{6DE7D4CD-AB3B-4813-ADFC-52FF073ACD20}.Debug|Any CPU.Build.0 = Debug|Any CPU
		{6DE7D4CD-AB3B-4813-ADFC-52FF073ACD20}.Debug|x64.ActiveCfg = Debug|Any CPU
		{6DE7D4CD-AB3B-4813-ADFC-52FF073ACD20}.Debug|x64.Build.0 = Debug|Any CPU
		{6DE7D4CD-AB3B-4813-ADFC-52FF073ACD20}.Debug|x86.ActiveCfg = Debug|Any CPU
		{6DE7D4CD-AB3B-4813-ADFC-52FF073ACD20}.Debug|x86.Build.0 = Debug|Any CPU
		{6DE7D4CD-AB3B-4813-ADFC-52FF073ACD20}.Release|Any CPU.ActiveCfg = Release|Any CPU
		{6DE7D4CD-AB3B-4813-ADFC-52FF073ACD20}.Release|Any CPU.Build.0 = Release|Any CPU
		{6DE7D4CD-AB3B-4813-ADFC-52FF073ACD20}.Release|x64.ActiveCfg = Release|Any CPU
		{6DE7D4CD-AB3B-4813-ADFC-52FF073ACD20}.Release|x64.Build.0 = Release|Any CPU
		{6DE7D4CD-AB3B-4813-ADFC-52FF073ACD20}.Release|x86.ActiveCfg = Release|Any CPU
		{6DE7D4CD-AB3B-4813-ADFC-52FF073ACD20}.Release|x86.Build.0 = Release|Any CPU
	EndGlobalSection
	GlobalSection(SolutionProperties) = preSolution
		HideSolutionNode = FALSE
	EndGlobalSection
	GlobalSection(NestedProjects) = preSolution
		{33818BF8-F9F7-4A1F-94C0-074A175C48E8} = {F53C43AE-D8E1-4442-BE50-B45607DAA673}
		{72B2D241-F1C5-424E-B247-1E3316FA5423} = {F53C43AE-D8E1-4442-BE50-B45607DAA673}
		{00A132F1-75B0-4F6D-9FE7-5A4AE3E8E53F} = {F53C43AE-D8E1-4442-BE50-B45607DAA673}
		{BFB4FD28-55E4-4AAC-BAD6-CD6C3B1D6D60} = {920AF70A-39F7-4F9E-A336-DA64873FA2C9}
		{688A29D3-5CEB-43F3-86D4-D9BF25879D92} = {F53C43AE-D8E1-4442-BE50-B45607DAA673}
		{19BBD184-273F-48EF-AC56-8918E2B2F23E} = {F53C43AE-D8E1-4442-BE50-B45607DAA673}
		{8532E82F-981B-4AB2-B2BC-12F985DC07BB} = {F53C43AE-D8E1-4442-BE50-B45607DAA673}
		{5729A859-62C3-422F-A566-8E6EFED475EB} = {F53C43AE-D8E1-4442-BE50-B45607DAA673}
		{1A89085F-59C6-42B6-9FC9-A7E072852C0E} = {F53C43AE-D8E1-4442-BE50-B45607DAA673}
		{6DE7D4CD-AB3B-4813-ADFC-52FF073ACD20} = {920AF70A-39F7-4F9E-A336-DA64873FA2C9}
	EndGlobalSection
	GlobalSection(ExtensibilityGlobals) = postSolution
		SolutionGuid = {80618018-C8BF-4C63-A5B2-3C6FD086AFC5}
	EndGlobalSection
EndGlobal
